
Microsoft Visual Studio Solution File, Format Version 12.00
# Visual Studio 15
VisualStudioVersion = 15.0.28307.438
MinimumVisualStudioVersion = 10.0.40219.1
Project("{FAE04EC0-301F-11D3-BF4B-00C04F79EFBC}") = "RH_Front", "RH_Front\RH_Front.csproj", "{4E1AFB23-D3B9-40D6-9EFA-611B1C5668F9}"
EndProject
Project("{FAE04EC0-301F-11D3-BF4B-00C04F79EFBC}") = "RH_API", "RH_API\RH_API.csproj", "{3D54C0E0-6C59-40B3-ACFF-3BB3BB53B103}"
EndProject
Project("{FAE04EC0-301F-11D3-BF4B-00C04F79EFBC}") = "RH_Banco", "RH_Banco\RH_Banco.csproj", "{7EB1A709-2A87-4A39-ACFB-02291ECCB8D4}"
EndProject
Project("{FAE04EC0-301F-11D3-BF4B-00C04F79EFBC}") = "Services_API", "Services_API\Services_API.csproj", "{7264AC1A-22D4-40BB-9276-35EC8838E39F}"
EndProject
Project("{FAE04EC0-301F-11D3-BF4B-00C04F79EFBC}") = "RH_Domínio", "RH_Domínio\RH_Domínio.csproj", "{D9C462BA-FDAC-47B4-834A-98B07E1BF38A}"
EndProject
Project("{2150E333-8FDC-42A3-9474-1A3956D46DE8}") = "1 - Presentation", "1 - Presentation", "{62C1F2B0-6F13-4B22-99AC-34D15DE59239}"
EndProject
Project("{2150E333-8FDC-42A3-9474-1A3956D46DE8}") = "2 - Services", "2 - Services", "{3DCB4718-B675-43B1-86B7-8E3E7CE2A3B0}"
EndProject
Project("{2150E333-8FDC-42A3-9474-1A3956D46DE8}") = "3 - Domain", "3 - Domain", "{B5834705-AF01-4078-98BF-CD01504E74EE}"
EndProject
Project("{2150E333-8FDC-42A3-9474-1A3956D46DE8}") = "4 - Infra", "4 - Infra", "{E6780E98-C497-4975-8E39-99B55E6507C6}"
EndProject
Project("{2150E333-8FDC-42A3-9474-1A3956D46DE8}") = "4.1 - Data", "4.1 - Data", "{78135953-AA43-47EC-A498-70FCBFF7F4AB}"
EndProject
Project("{2150E333-8FDC-42A3-9474-1A3956D46DE8}") = "4.2 - Services", "4.2 - Services", "{38D75D57-0A42-4ECC-8A62-41B60B77384F}"
EndProject
Global
	GlobalSection(SolutionConfigurationPlatforms) = preSolution
		Debug|Any CPU = Debug|Any CPU
		Release|Any CPU = Release|Any CPU
	EndGlobalSection
	GlobalSection(ProjectConfigurationPlatforms) = postSolution
		{4E1AFB23-D3B9-40D6-9EFA-611B1C5668F9}.Debug|Any CPU.ActiveCfg = Debug|Any CPU
		{4E1AFB23-D3B9-40D6-9EFA-611B1C5668F9}.Debug|Any CPU.Build.0 = Debug|Any CPU
		{4E1AFB23-D3B9-40D6-9EFA-611B1C5668F9}.Release|Any CPU.ActiveCfg = Release|Any CPU
		{4E1AFB23-D3B9-40D6-9EFA-611B1C5668F9}.Release|Any CPU.Build.0 = Release|Any CPU
		{3D54C0E0-6C59-40B3-ACFF-3BB3BB53B103}.Debug|Any CPU.ActiveCfg = Debug|Any CPU
		{3D54C0E0-6C59-40B3-ACFF-3BB3BB53B103}.Debug|Any CPU.Build.0 = Debug|Any CPU
		{3D54C0E0-6C59-40B3-ACFF-3BB3BB53B103}.Release|Any CPU.ActiveCfg = Release|Any CPU
		{3D54C0E0-6C59-40B3-ACFF-3BB3BB53B103}.Release|Any CPU.Build.0 = Release|Any CPU
		{7EB1A709-2A87-4A39-ACFB-02291ECCB8D4}.Debug|Any CPU.ActiveCfg = Debug|Any CPU
		{7EB1A709-2A87-4A39-ACFB-02291ECCB8D4}.Debug|Any CPU.Build.0 = Debug|Any CPU
		{7EB1A709-2A87-4A39-ACFB-02291ECCB8D4}.Release|Any CPU.ActiveCfg = Release|Any CPU
		{7EB1A709-2A87-4A39-ACFB-02291ECCB8D4}.Release|Any CPU.Build.0 = Release|Any CPU
		{7264AC1A-22D4-40BB-9276-35EC8838E39F}.Debug|Any CPU.ActiveCfg = Debug|Any CPU
		{7264AC1A-22D4-40BB-9276-35EC8838E39F}.Debug|Any CPU.Build.0 = Debug|Any CPU
		{7264AC1A-22D4-40BB-9276-35EC8838E39F}.Release|Any CPU.ActiveCfg = Release|Any CPU
		{7264AC1A-22D4-40BB-9276-35EC8838E39F}.Release|Any CPU.Build.0 = Release|Any CPU
		{D9C462BA-FDAC-47B4-834A-98B07E1BF38A}.Debug|Any CPU.ActiveCfg = Debug|Any CPU
		{D9C462BA-FDAC-47B4-834A-98B07E1BF38A}.Debug|Any CPU.Build.0 = Debug|Any CPU
		{D9C462BA-FDAC-47B4-834A-98B07E1BF38A}.Release|Any CPU.ActiveCfg = Release|Any CPU
		{D9C462BA-FDAC-47B4-834A-98B07E1BF38A}.Release|Any CPU.Build.0 = Release|Any CPU
	EndGlobalSection
	GlobalSection(SolutionProperties) = preSolution
		HideSolutionNode = FALSE
	EndGlobalSection
	GlobalSection(NestedProjects) = preSolution
		{4E1AFB23-D3B9-40D6-9EFA-611B1C5668F9} = {62C1F2B0-6F13-4B22-99AC-34D15DE59239}
		{3D54C0E0-6C59-40B3-ACFF-3BB3BB53B103} = {3DCB4718-B675-43B1-86B7-8E3E7CE2A3B0}
		{7EB1A709-2A87-4A39-ACFB-02291ECCB8D4} = {78135953-AA43-47EC-A498-70FCBFF7F4AB}
		{7264AC1A-22D4-40BB-9276-35EC8838E39F} = {38D75D57-0A42-4ECC-8A62-41B60B77384F}
		{D9C462BA-FDAC-47B4-834A-98B07E1BF38A} = {B5834705-AF01-4078-98BF-CD01504E74EE}
		{78135953-AA43-47EC-A498-70FCBFF7F4AB} = {E6780E98-C497-4975-8E39-99B55E6507C6}
		{38D75D57-0A42-4ECC-8A62-41B60B77384F} = {E6780E98-C497-4975-8E39-99B55E6507C6}
	EndGlobalSection
	GlobalSection(ExtensibilityGlobals) = postSolution
		SolutionGuid = {ABB9DD34-8AE9-41EA-A647-2AC906B4C3DF}
	EndGlobalSection
EndGlobal
